// !$*UTF8*$!
{
	archiveVersion = 1;
	classes = {
	};
	objectVersion = 56;
	objects = {

/* Begin PBXBuildFile section */
		B9886BA8297A7A530082E015 /* AppDelegate.swift in Sources */ = {isa = PBXBuildFile; fileRef = B9886BA7297A7A530082E015 /* AppDelegate.swift */; };
		B9886BAA297A7A530082E015 /* SceneDelegate.swift in Sources */ = {isa = PBXBuildFile; fileRef = B9886BA9297A7A530082E015 /* SceneDelegate.swift */; };
		B9886BAC297A7A530082E015 /* ViewController.swift in Sources */ = {isa = PBXBuildFile; fileRef = B9886BAB297A7A530082E015 /* ViewController.swift */; };
		B9886BAF297A7A530082E015 /* Main.storyboard in Resources */ = {isa = PBXBuildFile; fileRef = B9886BAD297A7A530082E015 /* Main.storyboard */; };
		B9886BB1297A7A540082E015 /* Assets.xcassets in Resources */ = {isa = PBXBuildFile; fileRef = B9886BB0297A7A540082E015 /* Assets.xcassets */; };
		B9886BB4297A7A540082E015 /* LaunchScreen.storyboard in Resources */ = {isa = PBXBuildFile; fileRef = B9886BB2297A7A540082E015 /* LaunchScreen.storyboard */; };
		B9886BD6297A7A8B0082E015 /* SubModule.framework in Frameworks */ = {isa = PBXBuildFile; fileRef = B9886BD4297A7A840082E015 /* SubModule.framework */; };
		B9886BD7297A7A8B0082E015 /* SubModule.framework in Embed Frameworks */ = {isa = PBXBuildFile; fileRef = B9886BD4297A7A840082E015 /* SubModule.framework */; settings = {ATTRIBUTES = (CodeSignOnCopy, RemoveHeadersOnCopy, ); }; };
		B9886BDA297A7A980082E015 /* NewSomeClass.swift in Sources */ = {isa = PBXBuildFile; fileRef = B9886BD9297A7A980082E015 /* NewSomeClass.swift */; };
/* End PBXBuildFile section */

/* Begin PBXContainerItemProxy section */
		B9886BD3297A7A840082E015 /* PBXContainerItemProxy */ = {
			isa = PBXContainerItemProxy;
			containerPortal = B9886BCF297A7A840082E015 /* SubModule.xcodeproj */;
			proxyType = 2;
			remoteGlobalIDString = B9886BC5297A7A840082E015;
			remoteInfo = SubModule;
		};
/* End PBXContainerItemProxy section */

/* Begin PBXCopyFilesBuildPhase section */
		B9886BD8297A7A8B0082E015 /* Embed Frameworks */ = {
			isa = PBXCopyFilesBuildPhase;
			buildActionMask = 2147483647;
			dstPath = "";
			dstSubfolderSpec = 10;
			files = (
				B9886BD7297A7A8B0082E015 /* SubModule.framework in Embed Frameworks */,
			);
			name = "Embed Frameworks";
			runOnlyForDeploymentPostprocessing = 0;
		};
/* End PBXCopyFilesBuildPhase section */

/* Begin PBXFileReference section */
		B9886BA4297A7A530082E015 /* MainProject.app */ = {isa = PBXFileReference; explicitFileType = wrapper.application; includeInIndex = 0; path = MainProject.app; sourceTree = BUILT_PRODUCTS_DIR; };
		B9886BA7297A7A530082E015 /* AppDelegate.swift */ = {isa = PBXFileReference; lastKnownFileType = sourcecode.swift; path = AppDelegate.swift; sourceTree = "<group>"; };
		B9886BA9297A7A530082E015 /* SceneDelegate.swift */ = {isa = PBXFileReference; lastKnownFileType = sourcecode.swift; path = SceneDelegate.swift; sourceTree = "<group>"; };
		B9886BAB297A7A530082E015 /* ViewController.swift */ = {isa = PBXFileReference; lastKnownFileType = sourcecode.swift; path = ViewController.swift; sourceTree = "<group>"; };
		B9886BAE297A7A530082E015 /* Base */ = {isa = PBXFileReference; lastKnownFileType = file.storyboard; name = Base; path = Base.lproj/Main.storyboard; sourceTree = "<group>"; };
		B9886BB0297A7A540082E015 /* Assets.xcassets */ = {isa = PBXFileReference; lastKnownFileType = folder.assetcatalog; path = Assets.xcassets; sourceTree = "<group>"; };
		B9886BB3297A7A540082E015 /* Base */ = {isa = PBXFileReference; lastKnownFileType = file.storyboard; name = Base; path = Base.lproj/LaunchScreen.storyboard; sourceTree = "<group>"; };
		B9886BB5297A7A540082E015 /* Info.plist */ = {isa = PBXFileReference; lastKnownFileType = text.plist.xml; path = Info.plist; sourceTree = "<group>"; };
		B9886BCF297A7A840082E015 /* SubModule.xcodeproj */ = {isa = PBXFileReference; lastKnownFileType = "wrapper.pb-project"; name = SubModule.xcodeproj; path = SubModule/SubModule.xcodeproj; sourceTree = "<group>"; };
		B9886BD9297A7A980082E015 /* NewSomeClass.swift */ = {isa = PBXFileReference; lastKnownFileType = sourcecode.swift; path = NewSomeClass.swift; sourceTree = "<group>"; };
/* End PBXFileReference section */

/* Begin PBXFrameworksBuildPhase section */
		B9886BA1297A7A530082E015 /* Frameworks */ = {
			isa = PBXFrameworksBuildPhase;
			buildActionMask = 2147483647;
			files = (
				B9886BD6297A7A8B0082E015 /* SubModule.framework in Frameworks */,
			);
			runOnlyForDeploymentPostprocessing = 0;
		};
/* End PBXFrameworksBuildPhase section */

/* Begin PBXGroup section */
		B9886B9B297A7A530082E015 = {
			isa = PBXGroup;
			children = (
				B9886BCF297A7A840082E015 /* SubModule.xcodeproj */,
				B9886BA6297A7A530082E015 /* MainProject */,
				B9886BA5297A7A530082E015 /* Products */,
				B9886BD5297A7A8B0082E015 /* Frameworks */,
			);
			sourceTree = "<group>";
		};
		B9886BA5297A7A530082E015 /* Products */ = {
			isa = PBXGroup;
			children = (
				B9886BA4297A7A530082E015 /* MainProject.app */,
			);
			name = Products;
			sourceTree = "<group>";
		};
		B9886BA6297A7A530082E015 /* MainProject */ = {
			isa = PBXGroup;
			children = (
				B9886BA7297A7A530082E015 /* AppDelegate.swift */,
				B9886BA9297A7A530082E015 /* SceneDelegate.swift */,
				B9886BAB297A7A530082E015 /* ViewController.swift */,
				B9886BD9297A7A980082E015 /* NewSomeClass.swift */,
				B9886BAD297A7A530082E015 /* Main.storyboard */,
				B9886BB0297A7A540082E015 /* Assets.xcassets */,
				B9886BB2297A7A540082E015 /* LaunchScreen.storyboard */,
				B9886BB5297A7A540082E015 /* Info.plist */,
			);
			path = MainProject;
			sourceTree = "<group>";
		};
		B9886BD0297A7A840082E015 /* Products */ = {
			isa = PBXGroup;
			children = (
				B9886BD4297A7A840082E015 /* SubModule.framework */,
			);
			name = Products;
			sourceTree = "<group>";
		};
		B9886BD5297A7A8B0082E015 /* Frameworks */ = {
			isa = PBXGroup;
			children = (
			);
			name = Frameworks;
			sourceTree = "<group>";
		};
/* End PBXGroup section */

/* Begin PBXNativeTarget section */
		B9886BA3297A7A530082E015 /* MainProject */ = {
			isa = PBXNativeTarget;
			buildConfigurationList = B9886BB8297A7A540082E015 /* Build configuration list for PBXNativeTarget "MainProject" */;
			buildPhases = (
				B9886BA0297A7A530082E015 /* Sources */,
				B9886BA1297A7A530082E015 /* Frameworks */,
				B9886BA2297A7A530082E015 /* Resources */,
				B9886BD8297A7A8B0082E015 /* Embed Frameworks */,
			);
			buildRules = (
			);
			dependencies = (
			);
			name = MainProject;
			productName = MainProject;
			productReference = B9886BA4297A7A530082E015 /* MainProject.app */;
			productType = "com.apple.product-type.application";
		};
/* End PBXNativeTarget section */

/* Begin PBXProject section */
		B9886B9C297A7A530082E015 /* Project object */ = {
			isa = PBXProject;
			attributes = {
				BuildIndependentTargetsInParallel = 1;
				LastSwiftUpdateCheck = 1420;
				LastUpgradeCheck = 1420;
				TargetAttributes = {
					B9886BA3297A7A530082E015 = {
						CreatedOnToolsVersion = 14.2;
					};
				};
			};
			buildConfigurationList = B9886B9F297A7A530082E015 /* Build configuration list for PBXProject "MainProject" */;
			compatibilityVersion = "Xcode 14.0";
			developmentRegion = en;
			hasScannedForEncodings = 0;
			knownRegions = (
				en,
				Base,
			);
			mainGroup = B9886B9B297A7A530082E015;
			productRefGroup = B9886BA5297A7A530082E015 /* Products */;
			projectDirPath = "";
			projectReferences = (
				{
					ProductGroup = B9886BD0297A7A840082E015 /* Products */;
					ProjectRef = B9886BCF297A7A840082E015 /* SubModule.xcodeproj */;
				},
			);
			projectRoot = "";
			targets = (
				B9886BA3297A7A530082E015 /* MainProject */,
			);
		};
/* End PBXProject section */

/* Begin PBXReferenceProxy section */
		B9886BD4297A7A840082E015 /* SubModule.framework */ = {
			isa = PBXReferenceProxy;
			fileType = wrapper.framework;
			path = SubModule.framework;
			remoteRef = B9886BD3297A7A840082E015 /* PBXContainerItemProxy */;
			sourceTree = BUILT_PRODUCTS_DIR;
		};
/* End PBXReferenceProxy section */

/* Begin PBXResourcesBuildPhase section */
		B9886BA2297A7A530082E015 /* Resources */ = {
			isa = PBXResourcesBuildPhase;
			buildActionMask = 2147483647;
			files = (
				B9886BB4297A7A540082E015 /* LaunchScreen.storyboard in Resources */,
				B9886BB1297A7A540082E015 /* Assets.xcassets in Resources */,
				B9886BAF297A7A530082E015 /* Main.storyboard in Resources */,
			);
			runOnlyForDeploymentPostprocessing = 0;
		};
/* End PBXResourcesBuildPhase section */

/* Begin PBXSourcesBuildPhase section */
		B9886BA0297A7A530082E015 /* Sources */ = {
			isa = PBXSourcesBuildPhase;
			buildActionMask = 2147483647;
			files = (
				B9886BAC297A7A530082E015 /* ViewController.swift in Sources */,
				B9886BDA297A7A980082E015 /* NewSomeClass.swift in Sources */,
				B9886BA8297A7A530082E015 /* AppDelegate.swift in Sources */,
				B9886BAA297A7A530082E015 /* SceneDelegate.swift in Sources */,
			);
			runOnlyForDeploymentPostprocessing = 0;
		};
/* End PBXSourcesBuildPhase section */

/* Begin PBXVariantGroup section */
		B9886BAD297A7A530082E015 /* Main.storyboard */ = {
			isa = PBXVariantGroup;
			children = (
				B9886BAE297A7A530082E015 /* Base */,
			);
			name = Main.storyboard;
			sourceTree = "<group>";
		};
		B9886BB2297A7A540082E015 /* LaunchScreen.storyboard */ = {
			isa = PBXVariantGroup;
			children = (
				B9886BB3297A7A540082E015 /* Base */,
			);
			name = LaunchScreen.storyboard;
			sourceTree = "<group>";
		};
/* End PBXVariantGroup section */

/* Begin XCBuildConfiguration section */
		B9886BB6297A7A540082E015 /* Debug */ = {
			isa = XCBuildConfiguration;
			buildSettings = {
				ALWAYS_SEARCH_USER_PATHS = NO;
				CLANG_ANALYZER_NONNULL = YES;
				CLANG_ANALYZER_NUMBER_OBJECT_CONVERSION = YES_AGGRESSIVE;
				CLANG_CXX_LANGUAGE_STANDARD = "gnu++20";
				CLANG_ENABLE_MODULES = YES;
				CLANG_ENABLE_OBJC_ARC = YES;
				CLANG_ENABLE_OBJC_WEAK = YES;
				CLANG_WARN_BLOCK_CAPTURE_AUTORELEASING = YES;
				CLANG_WARN_BOOL_CONVERSION = YES;
				CLANG_WARN_COMMA = YES;
				CLANG_WARN_CONSTANT_CONVERSION = YES;
				CLANG_WARN_DEPRECATED_OBJC_IMPLEMENTATIONS = YES;
				CLANG_WARN_DIRECT_OBJC_ISA_USAGE = YES_ERROR;
				CLANG_WARN_DOCUMENTATION_COMMENTS = YES;
				CLANG_WARN_EMPTY_BODY = YES;
				CLANG_WARN_ENUM_CONVERSION = YES;
				CLANG_WARN_INFINITE_RECURSION = YES;
				CLANG_WARN_INT_CONVERSION = YES;
				CLANG_WARN_NON_LITERAL_NULL_CONVERSION = YES;
				CLANG_WARN_OBJC_IMPLICIT_RETAIN_SELF = YES;
				CLANG_WARN_OBJC_LITERAL_CONVERSION = YES;
				CLANG_WARN_OBJC_ROOT_CLASS = YES_ERROR;
				CLANG_WARN_QUOTED_INCLUDE_IN_FRAMEWORK_HEADER = YES;
				CLANG_WARN_RANGE_LOOP_ANALYSIS = YES;
				CLANG_WARN_STRICT_PROTOTYPES = YES;
				CLANG_WARN_SUSPICIOUS_MOVE = YES;
				CLANG_WARN_UNGUARDED_AVAILABILITY = YES_AGGRESSIVE;
				CLANG_WARN_UNREACHABLE_CODE = YES;
				CLANG_WARN__DUPLICATE_METHOD_MATCH = YES;
				COPY_PHASE_STRIP = NO;
				DEBUG_INFORMATION_FORMAT = dwarf;
				ENABLE_STRICT_OBJC_MSGSEND = YES;
				ENABLE_TESTABILITY = YES;
				GCC_C_LANGUAGE_STANDARD = gnu11;
				GCC_DYNAMIC_NO_PIC = NO;
				GCC_NO_COMMON_BLOCKS = YES;
				GCC_OPTIMIZATION_LEVEL = 0;
				GCC_PREPROCESSOR_DEFINITIONS = (
					"DEBUG=1",
					"$(inherited)",
				);
				GCC_WARN_64_TO_32_BIT_CONVERSION = YES;
				GCC_WARN_ABOUT_RETURN_TYPE = YES_ERROR;
				GCC_WARN_UNDECLARED_SELECTOR = YES;
				GCC_WARN_UNINITIALIZED_AUTOS = YES_AGGRESSIVE;
				GCC_WARN_UNUSED_FUNCTION = YES;
				GCC_WARN_UNUSED_VARIABLE = YES;
				IPHONEOS_DEPLOYMENT_TARGET = 16.2;
				MTL_ENABLE_DEBUG_INFO = INCLUDE_SOURCE;
				MTL_FAST_MATH = YES;
				ONLY_ACTIVE_ARCH = YES;
				SDKROOT = iphoneos;
				SWIFT_ACTIVE_COMPILATION_CONDITIONS = DEBUG;
				SWIFT_OPTIMIZATION_LEVEL = "-Onone";
			};
			name = Debug;
		};
		B9886BB7297A7A540082E015 /* Release */ = {
			isa = XCBuildConfiguration;
			buildSettings = {
				ALWAYS_SEARCH_USER_PATHS = NO;
				CLANG_ANALYZER_NONNULL = YES;
				CLANG_ANALYZER_NUMBER_OBJECT_CONVERSION = YES_AGGRESSIVE;
				CLANG_CXX_LANGUAGE_STANDARD = "gnu++20";
				CLANG_ENABLE_MODULES = YES;
				CLANG_ENABLE_OBJC_ARC = YES;
				CLANG_ENABLE_OBJC_WEAK = YES;
				CLANG_WARN_BLOCK_CAPTURE_AUTORELEASING = YES;
				CLANG_WARN_BOOL_CONVERSION = YES;
				CLANG_WARN_COMMA = YES;
				CLANG_WARN_CONSTANT_CONVERSION = YES;
				CLANG_WARN_DEPRECATED_OBJC_IMPLEMENTATIONS = YES;
				CLANG_WARN_DIRECT_OBJC_ISA_USAGE = YES_ERROR;
				CLANG_WARN_DOCUMENTATION_COMMENTS = YES;
				CLANG_WARN_EMPTY_BODY = YES;
				CLANG_WARN_ENUM_CONVERSION = YES;
				CLANG_WARN_INFINITE_RECURSION = YES;
				CLANG_WARN_INT_CONVERSION = YES;
				CLANG_WARN_NON_LITERAL_NULL_CONVERSION = YES;
				CLANG_WARN_OBJC_IMPLICIT_RETAIN_SELF = YES;
				CLANG_WARN_OBJC_LITERAL_CONVERSION = YES;
				CLANG_WARN_OBJC_ROOT_CLASS = YES_ERROR;
				CLANG_WARN_QUOTED_INCLUDE_IN_FRAMEWORK_HEADER = YES;
				CLANG_WARN_RANGE_LOOP_ANALYSIS = YES;
				CLANG_WARN_STRICT_PROTOTYPES = YES;
				CLANG_WARN_SUSPICIOUS_MOVE = YES;
				CLANG_WARN_UNGUARDED_AVAILABILITY = YES_AGGRESSIVE;
				CLANG_WARN_UNREACHABLE_CODE = YES;
				CLANG_WARN__DUPLICATE_METHOD_MATCH = YES;
				COPY_PHASE_STRIP = NO;
				DEBUG_INFORMATION_FORMAT = "dwarf-with-dsym";
				ENABLE_NS_ASSERTIONS = NO;
				ENABLE_STRICT_OBJC_MSGSEND = YES;
				GCC_C_LANGUAGE_STANDARD = gnu11;
				GCC_NO_COMMON_BLOCKS = YES;
				GCC_WARN_64_TO_32_BIT_CONVERSION = YES;
				GCC_WARN_ABOUT_RETURN_TYPE = YES_ERROR;
				GCC_WARN_UNDECLARED_SELECTOR = YES;
				GCC_WARN_UNINITIALIZED_AUTOS = YES_AGGRESSIVE;
				GCC_WARN_UNUSED_FUNCTION = YES;
				GCC_WARN_UNUSED_VARIABLE = YES;
				IPHONEOS_DEPLOYMENT_TARGET = 16.2;
				MTL_ENABLE_DEBUG_INFO = NO;
				MTL_FAST_MATH = YES;
				SDKROOT = iphoneos;
				SWIFT_COMPILATION_MODE = wholemodule;
				SWIFT_OPTIMIZATION_LEVEL = "-O";
				VALIDATE_PRODUCT = YES;
			};
			name = Release;
		};
		B9886BB9297A7A540082E015 /* Debug */ = {
			isa = XCBuildConfiguration;
			buildSettings = {
				ASSETCATALOG_COMPILER_APPICON_NAME = AppIcon;
				ASSETCATALOG_COMPILER_GLOBAL_ACCENT_COLOR_NAME = AccentColor;
				CODE_SIGN_STYLE = Manual;
				CURRENT_PROJECT_VERSION = 1;
				DEVELOPMENT_TEAM = "";
				GENERATE_INFOPLIST_FILE = YES;
				INFOPLIST_FILE = MainProject/Info.plist;
				INFOPLIST_KEY_UIApplicationSupportsIndirectInputEvents = YES;
				INFOPLIST_KEY_UILaunchStoryboardName = LaunchScreen;
				INFOPLIST_KEY_UIMainStoryboardFile = Main;
				INFOPLIST_KEY_UISupportedInterfaceOrientations_iPad = "UIInterfaceOrientationPortrait UIInterfaceOrientationPortraitUpsideDown UIInterfaceOrientationLandscapeLeft UIInterfaceOrientationLandscapeRight";
				INFOPLIST_KEY_UISupportedInterfaceOrientations_iPhone = "UIInterfaceOrientationPortrait UIInterfaceOrientationLandscapeLeft UIInterfaceOrientationLandscapeRight";
				LD_RUNPATH_SEARCH_PATHS = (
					"$(inherited)",
					"@executable_path/Frameworks",
				);
				MARKETING_VERSION = 1.0;
				PRODUCT_BUNDLE_IDENTIFIER = com.MainProject;
				PRODUCT_NAME = "$(TARGET_NAME)";
				PROVISIONING_PROFILE_SPECIFIER = "";
				SWIFT_EMIT_LOC_STRINGS = YES;
				SWIFT_VERSION = 5.0;
				TARGETED_DEVICE_FAMILY = "1,2";
			};
			name = Debug;
		};
		B9886BBA297A7A540082E015 /* Release */ = {
			isa = XCBuildConfiguration;
			buildSettings = {
				ASSETCATALOG_COMPILER_APPICON_NAME = AppIcon;
				ASSETCATALOG_COMPILER_GLOBAL_ACCENT_COLOR_NAME = AccentColor;
				CODE_SIGN_STYLE = Manual;
				CURRENT_PROJECT_VERSION = 1;
				DEVELOPMENT_TEAM = "";
				GENERATE_INFOPLIST_FILE = YES;
				INFOPLIST_FILE = MainProject/Info.plist;
				INFOPLIST_KEY_UIApplicationSupportsIndirectInputEvents = YES;
				INFOPLIST_KEY_UILaunchStoryboardName = LaunchScreen;
				INFOPLIST_KEY_UIMainStoryboardFile = Main;
				INFOPLIST_KEY_UISupportedInterfaceOrientations_iPad = "UIInterfaceOrientationPortrait UIInterfaceOrientationPortraitUpsideDown UIInterfaceOrientationLandscapeLeft UIInterfaceOrientationLandscapeRight";
				INFOPLIST_KEY_UISupportedInterfaceOrientations_iPhone = "UIInterfaceOrientationPortrait UIInterfaceOrientationLandscapeLeft UIInterfaceOrientationLandscapeRight";
				LD_RUNPATH_SEARCH_PATHS = (
					"$(inherited)",
					"@executable_path/Frameworks",
				);
				MARKETING_VERSION = 1.0;
				PRODUCT_BUNDLE_IDENTIFIER = com.MainProject;
				PRODUCT_NAME = "$(TARGET_NAME)";
				PROVISIONING_PROFILE_SPECIFIER = "";
				SWIFT_EMIT_LOC_STRINGS = YES;
				SWIFT_VERSION = 5.0;
				TARGETED_DEVICE_FAMILY = "1,2";
			};
			name = Release;
		};
/* End XCBuildConfiguration section */

/* Begin XCConfigurationList section */
		B9886B9F297A7A530082E015 /* Build configuration list for PBXProject "MainProject" */ = {
			isa = XCConfigurationList;
			buildConfigurations = (
				B9886BB6297A7A540082E015 /* Debug */,
				B9886BB7297A7A540082E015 /* Release */,
			);
			defaultConfigurationIsVisible = 0;
			defaultConfigurationName = Release;
		};
		B9886BB8297A7A540082E015 /* Build configuration list for PBXNativeTarget "MainProject" */ = {
			isa = XCConfigurationList;
			buildConfigurations = (
				B9886BB9297A7A540082E015 /* Debug */,
				B9886BBA297A7A540082E015 /* Release */,
			);
			defaultConfigurationIsVisible = 0;
			defaultConfigurationName = Release;
		};
/* End XCConfigurationList section */
	};
	rootObject = B9886B9C297A7A530082E015 /* Project object */;
}
